PODS:
  - Alamofire (5.6.1)
  - LookinServer (1.0.5)
  - SnapKit (5.6.0)

DEPENDENCIES:
  - Alamofire (~> 5.0)
  - LookinServer
  - SnapKit (~> 5.6.0)

SPEC REPOS:
  https://github.com/CocoaPods/Specs.git:
    - Alamofire
    - LookinServer
    - SnapKit

SPEC CHECKSUMS:
  Alamofire: 87bd8c952f9a4454320fce00d9cc3de57bcadaf5
  LookinServer: 3d9a02529ed94a6a08154440c26f6d7f453bb1e7
  SnapKit: e01d52ebb8ddbc333eefe2132acf85c8227d9c25

PODFILE CHECKSUM: 81e5a0440bda5ab42fbeb9e26fdfdf72486e6bd6

COCOAPODS: 1.11.3
